{
  "name": "typesafe-i18n_example_importer",
  "lockfileVersion": 2,
  "requires": true,
  "packages": {
    "": {
      "name": "typesafe-i18n_example_importer",
      "dependencies": {
        "typesafe-i18n": "^5.16.3"
      },
      "devDependencies": {
        "@types/node": "^17.0.21",
        "tsx": "^3.8.0",
        "typescript": "^4.6.2"
      }
    },
    "node_modules/@esbuild-kit/cjs-loader": {
      "version": "2.4.0",
      "resolved": "https://registry.npmjs.org/@esbuild-kit/cjs-loader/-/cjs-loader-2.4.0.tgz",
      "integrity": "sha512-DBBCiHPgL2B/elUpvCDhNHXnlZQ9sfO2uyt1OJyAXKT41beQEFY4OxZ6gwS+ZesRCbZ6JV8M7GEyOPkjv8kdIw==",
      "dev": true,
      "dependencies": {
        "@esbuild-kit/core-utils": "^3.0.0",
        "get-tsconfig": "^4.2.0"
      }
    },
    "node_modules/@esbuild-kit/core-utils": {
      "version": "3.0.0",
      "resolved": "https://registry.npmjs.org/@esbuild-kit/core-utils/-/core-utils-3.0.0.tgz",
      "integrity": "sha512-TXmwH9EFS3DC2sI2YJWJBgHGhlteK0Xyu1VabwetMULfm3oYhbrsWV5yaSr2NTWZIgDGVLHbRf0inxbjXqAcmQ==",
      "dev": true,
      "dependencies": {
        "esbuild": "~0.15.10",
        "source-map-support": "^0.5.21"
      }
    },
    "node_modules/@esbuild-kit/esm-loader": {
      "version": "2.5.0",
      "resolved": "https://registry.npmjs.org/@esbuild-kit/esm-loader/-/esm-loader-2.5.0.tgz",
      "integrity": "sha512-ySs0qOsiwj+hsgZM9/MniGdvfa9/WzqfFuIia8/5gSUPeIQIX2/tG91QakxPFOR35VFiwTB7wCiHtiS6dc6SkA==",
      "dev": true,
      "dependencies": {
        "@esbuild-kit/core-utils": "^3.0.0",
        "get-tsconfig": "^4.2.0"
      }
    },
    "node_modules/@esbuild/android-arm": {
      "version": "0.15.14",
      "resolved": "https://registry.npmjs.org/@esbuild/android-arm/-/android-arm-0.15.14.tgz",
      "integrity": "sha512-+Rb20XXxRGisNu2WmNKk+scpanb7nL5yhuI1KR9wQFiC43ddPj/V1fmNyzlFC9bKiG4mYzxW7egtoHVcynr+OA==",
      "cpu": [
        "arm"
      ],
      "dev": true,
      "optional": true,
      "os": [
        "android"
      ],
      "engines": {
        "node": ">=12"
      }
    },
    "node_modules/@esbuild/linux-loong64": {
      "version": "0.15.14",
      "resolved": "https://registry.npmjs.org/@esbuild/linux-loong64/-/linux-loong64-0.15.14.tgz",
      "integrity": "sha512-eQi9rosGNVQFJyJWV0HCA5WZae/qWIQME7s8/j8DMvnylfBv62Pbu+zJ2eUDqNf2O4u3WB+OEXyfkpBoe194sg==",
      "cpu": [
        "loong64"
      ],
      "dev": true,
      "optional": true,
      "os": [
        "linux"
      ],
      "engines": {
        "node": ">=12"
      }
    },
    "node_modules/@types/node": {
      "version": "17.0.45",
      "resolved": "https://registry.npmjs.org/@types/node/-/node-17.0.45.tgz",
      "integrity": "sha512-w+tIMs3rq2afQdsPJlODhoUEKzFP1ayaoyl1CcnwtIlsVe7K7bA1NGm4s3PraqTLlXnbIN84zuBlxBWo1u9BLw==",
      "dev": true
    },
    "node_modules/buffer-from": {
      "version": "1.1.2",
      "resolved": "https://registry.npmjs.org/buffer-from/-/buffer-from-1.1.2.tgz",
      "integrity": "sha512-E+XQCRwSbaaiChtv6k6Dwgc+bx+Bs6vuKJHHl5kox/BaKbhiXzqQOwK4cO22yElGp2OCmjwVhT3HmxgyPGnJfQ==",
      "dev": true
    },
    "node_modules/esbuild": {
      "version": "0.15.14",
      "resolved": "https://registry.npmjs.org/esbuild/-/esbuild-0.15.14.tgz",
      "integrity": "sha512-pJN8j42fvWLFWwSMG4luuupl2Me7mxciUOsMegKvwCmhEbJ2covUdFnihxm0FMIBV+cbwbtMoHgMCCI+pj1btQ==",
      "dev": true,
      "hasInstallScript": true,
      "bin": {
        "esbuild": "bin/esbuild"
      },
      "engines": {
        "node": ">=12"
      },
      "optionalDependencies": {
        "@esbuild/android-arm": "0.15.14",
        "@esbuild/linux-loong64": "0.15.14",
        "esbuild-android-64": "0.15.14",
        "esbuild-android-arm64": "0.15.14",
        "esbuild-darwin-64": "0.15.14",
        "esbuild-darwin-arm64": "0.15.14",
        "esbuild-freebsd-64": "0.15.14",
        "esbuild-freebsd-arm64": "0.15.14",
        "esbuild-linux-32": "0.15.14",
        "esbuild-linux-64": "0.15.14",
        "esbuild-linux-arm": "0.15.14",
        "esbuild-linux-arm64": "0.15.14",
        "esbuild-linux-mips64le": "0.15.14",
        "esbuild-linux-ppc64le": "0.15.14",
        "esbuild-linux-riscv64": "0.15.14",
        "esbuild-linux-s390x": "0.15.14",
        "esbuild-netbsd-64": "0.15.14",
        "esbuild-openbsd-64": "0.15.14",
        "esbuild-sunos-64": "0.15.14",
        "esbuild-windows-32": "0.15.14",
        "esbuild-windows-64": "0.15.14",
        "esbuild-windows-arm64": "0.15.14"
      }
    },
    "node_modules/esbuild-android-64": {
      "version": "0.15.14",
      "resolved": "https://registry.npmjs.org/esbuild-android-64/-/esbuild-android-64-0.15.14.tgz",
      "integrity": "sha512-HuilVIb4rk9abT4U6bcFdU35UHOzcWVGLSjEmC58OVr96q5UiRqzDtWjPlCMugjhgUGKEs8Zf4ueIvYbOStbIg==",
      "cpu": [
        "x64"
      ],
      "dev": true,
      "optional": true,
      "os": [
        "android"
      ],
      "engines": {
        "node": ">=12"
      }
    },
    "node_modules/esbuild-android-arm64": {
      "version": "0.15.14",
      "resolved": "https://registry.npmjs.org/esbuild-android-arm64/-/esbuild-android-arm64-0.15.14.tgz",
      "integrity": "sha512-/QnxRVxsR2Vtf3XottAHj7hENAMW2wCs6S+OZcAbc/8nlhbAL/bCQRCVD78VtI5mdwqWkVi3wMqM94kScQCgqg==",
      "cpu": [
        "arm64"
      ],
      "dev": true,
      "optional": true,
      "os": [
        "android"
      ],
      "engines": {
        "node": ">=12"
      }
    },
    "node_modules/esbuild-darwin-64": {
      "version": "0.15.14",
      "resolved": "https://registry.npmjs.org/esbuild-darwin-64/-/esbuild-darwin-64-0.15.14.tgz",
      "integrity": "sha512-ToNuf1uifu8hhwWvoZJGCdLIX/1zpo8cOGnT0XAhDQXiKOKYaotVNx7pOVB1f+wHoWwTLInrOmh3EmA7Fd+8Vg==",
      "cpu": [
        "x64"
      ],
      "dev": true,
      "optional": true,
      "os": [
        "darwin"
      ],
      "engines": {
        "node": ">=12"
      }
    },
    "node_modules/esbuild-darwin-arm64": {
      "version": "0.15.14",
      "resolved": "https://registry.npmjs.org/esbuild-darwin-arm64/-/esbuild-darwin-arm64-0.15.14.tgz",
      "integrity": "sha512-KgGP+y77GszfYJgceO0Wi/PiRtYo5y2Xo9rhBUpxTPaBgWDJ14gqYN0+NMbu+qC2fykxXaipHxN4Scaj9tUS1A==",
      "cpu": [
        "arm64"
      ],
      "dev": true,
      "optional": true,
      "os": [
        "darwin"
      ],
      "engines": {
        "node": ">=12"
      }
    },
    "node_modules/esbuild-freebsd-64": {
      "version": "0.15.14",
      "resolved": "https://registry.npmjs.org/esbuild-freebsd-64/-/esbuild-freebsd-64-0.15.14.tgz",
      "integrity": "sha512-xr0E2n5lyWw3uFSwwUXHc0EcaBDtsal/iIfLioflHdhAe10KSctV978Te7YsfnsMKzcoGeS366+tqbCXdqDHQA==",
      "cpu": [
        "x64"
      ],
      "dev": true,
      "optional": true,
      "os": [
        "freebsd"
      ],
      "engines": {
        "node": ">=12"
      }
    },
    "node_modules/esbuild-freebsd-arm64": {
      "version": "0.15.14",
      "resolved": "https://registry.npmjs.org/esbuild-freebsd-arm64/-/esbuild-freebsd-arm64-0.15.14.tgz",
      "integrity": "sha512-8XH96sOQ4b1LhMlO10eEWOjEngmZ2oyw3pW4o8kvBcpF6pULr56eeYVP5radtgw54g3T8nKHDHYEI5AItvskZg==",
      "cpu": [
        "arm64"
      ],
      "dev": true,
      "optional": true,
      "os": [
        "freebsd"
      ],
      "engines": {
        "node": ">=12"
      }
    },
    "node_modules/esbuild-linux-32": {
      "version": "0.15.14",
      "resolved": "https://registry.npmjs.org/esbuild-linux-32/-/esbuild-linux-32-0.15.14.tgz",
      "integrity": "sha512-6ssnvwaTAi8AzKN8By2V0nS+WF5jTP7SfuK6sStGnDP7MCJo/4zHgM9oE1eQTS2jPmo3D673rckuCzRlig+HMA==",
      "cpu": [
        "ia32"
      ],
      "dev": true,
      "optional": true,
      "os": [
        "linux"
      ],
      "engines": {
        "node": ">=12"
      }
    },
    "node_modules/esbuild-linux-64": {
      "version": "0.15.14",
      "resolved": "https://registry.npmjs.org/esbuild-linux-64/-/esbuild-linux-64-0.15.14.tgz",
      "integrity": "sha512-ONySx3U0wAJOJuxGUlXBWxVKFVpWv88JEv0NZ6NlHknmDd1yCbf4AEdClSgLrqKQDXYywmw4gYDvdLsS6z0hcw==",
      "cpu": [
        "x64"
      ],
      "dev": true,
      "optional": true,
      "os": [
        "linux"
      ],
      "engines": {
        "node": ">=12"
      }
    },
    "node_modules/esbuild-linux-arm": {
      "version": "0.15.14",
      "resolved": "https://registry.npmjs.org/esbuild-linux-arm/-/esbuild-linux-arm-0.15.14.tgz",
      "integrity": "sha512-D2LImAIV3QzL7lHURyCHBkycVFbKwkDb1XEUWan+2fb4qfW7qAeUtul7ZIcIwFKZgPcl+6gKZmvLgPSj26RQ2Q==",
      "cpu": [
        "arm"
      ],
      "dev": true,
      "optional": true,
      "os": [
        "linux"
      ],
      "engines": {
        "node": ">=12"
      }
    },
    "node_modules/esbuild-linux-arm64": {
      "version": "0.15.14",
      "resolved": "https://registry.npmjs.org/esbuild-linux-arm64/-/esbuild-linux-arm64-0.15.14.tgz",
      "integrity": "sha512-kle2Ov6a1e5AjlHlMQl1e+c4myGTeggrRzArQFmWp6O6JoqqB9hT+B28EW4tjFWgV/NxUq46pWYpgaWXsXRPAg==",
      "cpu": [
        "arm64"
      ],
      "dev": true,
      "optional": true,
      "os": [
        "linux"
      ],
      "engines": {
        "node": ">=12"
      }
    },
    "node_modules/esbuild-linux-mips64le": {
      "version": "0.15.14",
      "resolved": "https://registry.npmjs.org/esbuild-linux-mips64le/-/esbuild-linux-mips64le-0.15.14.tgz",
      "integrity": "sha512-FVdMYIzOLXUq+OE7XYKesuEAqZhmAIV6qOoYahvUp93oXy0MOVTP370ECbPfGXXUdlvc0TNgkJa3YhEwyZ6MRA==",
      "cpu": [
        "mips64el"
      ],
      "dev": true,
      "optional": true,
      "os": [
        "linux"
      ],
      "engines": {
        "node": ">=12"
      }
    },
    "node_modules/esbuild-linux-ppc64le": {
      "version": "0.15.14",
      "resolved": "https://registry.npmjs.org/esbuild-linux-ppc64le/-/esbuild-linux-ppc64le-0.15.14.tgz",
      "integrity": "sha512-2NzH+iuzMDA+jjtPjuIz/OhRDf8tzbQ1tRZJI//aT25o1HKc0reMMXxKIYq/8nSHXiJSnYV4ODzTiv45s+h73w==",
      "cpu": [
        "ppc64"
      ],
      "dev": true,
      "optional": true,
      "os": [
        "linux"
      ],
      "engines": {
        "node": ">=12"
      }
    },
    "node_modules/esbuild-linux-riscv64": {
      "version": "0.15.14",
      "resolved": "https://registry.npmjs.org/esbuild-linux-riscv64/-/esbuild-linux-riscv64-0.15.14.tgz",
      "integrity": "sha512-VqxvutZNlQxmUNS7Ac+aczttLEoHBJ9e3OYGqnULrfipRvG97qLrAv9EUY9iSrRKBqeEbSvS9bSfstZqwz0T4Q==",
      "cpu": [
        "riscv64"
      ],
      "dev": true,
      "optional": true,
      "os": [
        "linux"
      ],
      "engines": {
        "node": ">=12"
      }
    },
    "node_modules/esbuild-linux-s390x": {
      "version": "0.15.14",
      "resolved": "https://registry.npmjs.org/esbuild-linux-s390x/-/esbuild-linux-s390x-0.15.14.tgz",
      "integrity": "sha512-+KVHEUshX5n6VP6Vp/AKv9fZIl5kr2ph8EUFmQUJnDpHwcfTSn2AQgYYm0HTBR2Mr4d0Wlr0FxF/Cs5pbFgiOw==",
      "cpu": [
        "s390x"
      ],
      "dev": true,
      "optional": true,
      "os": [
        "linux"
      ],
      "engines": {
        "node": ">=12"
      }
    },
    "node_modules/esbuild-netbsd-64": {
      "version": "0.15.14",
      "resolved": "https://registry.npmjs.org/esbuild-netbsd-64/-/esbuild-netbsd-64-0.15.14.tgz",
      "integrity": "sha512-6D/dr17piEgevIm1xJfZP2SjB9Z+g8ERhNnBdlZPBWZl+KSPUKLGF13AbvC+nzGh8IxOH2TyTIdRMvKMP0nEzQ==",
      "cpu": [
        "x64"
      ],
      "dev": true,
      "optional": true,
      "os": [
        "netbsd"
      ],
      "engines": {
        "node": ">=12"
      }
    },
    "node_modules/esbuild-openbsd-64": {
      "version": "0.15.14",
      "resolved": "https://registry.npmjs.org/esbuild-openbsd-64/-/esbuild-openbsd-64-0.15.14.tgz",
      "integrity": "sha512-rREQBIlMibBetgr2E9Lywt2Qxv2ZdpmYahR4IUlAQ1Efv/A5gYdO0/VIN3iowDbCNTLxp0bb57Vf0LFcffD6kA==",
      "cpu": [
        "x64"
      ],
      "dev": true,
      "optional": true,
      "os": [
        "openbsd"
      ],
      "engines": {
        "node": ">=12"
      }
    },
    "node_modules/esbuild-sunos-64": {
      "version": "0.15.14",
      "resolved": "https://registry.npmjs.org/esbuild-sunos-64/-/esbuild-sunos-64-0.15.14.tgz",
      "integrity": "sha512-DNVjSp/BY4IfwtdUAvWGIDaIjJXY5KI4uD82+15v6k/w7px9dnaDaJJ2R6Mu+KCgr5oklmFc0KjBjh311Gxl9Q==",
      "cpu": [
        "x64"
      ],
      "dev": true,
      "optional": true,
      "os": [
        "sunos"
      ],
      "engines": {
        "node": ">=12"
      }
    },
    "node_modules/esbuild-windows-32": {
      "version": "0.15.14",
      "resolved": "https://registry.npmjs.org/esbuild-windows-32/-/esbuild-windows-32-0.15.14.tgz",
      "integrity": "sha512-pHBWrcA+/oLgvViuG9FO3kNPO635gkoVrRQwe6ZY1S0jdET07xe2toUvQoJQ8KT3/OkxqUasIty5hpuKFLD+eg==",
      "cpu": [
        "ia32"
      ],
      "dev": true,
      "optional": true,
      "os": [
        "win32"
      ],
      "engines": {
        "node": ">=12"
      }
    },
    "node_modules/esbuild-windows-64": {
      "version": "0.15.14",
      "resolved": "https://registry.npmjs.org/esbuild-windows-64/-/esbuild-windows-64-0.15.14.tgz",
      "integrity": "sha512-CszIGQVk/P8FOS5UgAH4hKc9zOaFo69fe+k1rqgBHx3CSK3Opyk5lwYriIamaWOVjBt7IwEP6NALz+tkVWdFog==",
      "cpu": [
        "x64"
      ],
      "dev": true,
      "optional": true,
      "os": [
        "win32"
      ],
      "engines": {
        "node": ">=12"
      }
    },
    "node_modules/esbuild-windows-arm64": {
      "version": "0.15.14",
      "resolved": "https://registry.npmjs.org/esbuild-windows-arm64/-/esbuild-windows-arm64-0.15.14.tgz",
      "integrity": "sha512-KW9W4psdZceaS9A7Jsgl4WialOznSURvqX/oHZk3gOP7KbjtHLSsnmSvNdzagGJfxbAe30UVGXRe8q8nDsOSQw==",
      "cpu": [
        "arm64"
      ],
      "dev": true,
      "optional": true,
      "os": [
        "win32"
      ],
      "engines": {
        "node": ">=12"
      }
    },
    "node_modules/fsevents": {
      "version": "2.3.2",
      "resolved": "https://registry.npmjs.org/fsevents/-/fsevents-2.3.2.tgz",
      "integrity": "sha512-xiqMQR4xAeHTuB9uWm+fFRcIOgKBMiOBP+eXiyT7jsgVCq1bkVygt00oASowB7EdtpOHaaPgKt812P9ab+DDKA==",
      "dev": true,
      "hasInstallScript": true,
      "optional": true,
      "os": [
        "darwin"
      ],
      "engines": {
        "node": "^8.16.0 || ^10.6.0 || >=11.0.0"
      }
    },
    "node_modules/get-tsconfig": {
      "version": "4.2.0",
      "resolved": "https://registry.npmjs.org/get-tsconfig/-/get-tsconfig-4.2.0.tgz",
      "integrity": "sha512-X8u8fREiYOE6S8hLbq99PeykTDoLVnxvF4DjWKJmz9xy2nNRdUcV8ZN9tniJFeKyTU3qnC9lL8n4Chd6LmVKHg==",
      "dev": true,
      "funding": {
        "url": "https://github.com/privatenumber/get-tsconfig?sponsor=1"
      }
    },
    "node_modules/source-map": {
      "version": "0.6.1",
      "resolved": "https://registry.npmjs.org/source-map/-/source-map-0.6.1.tgz",
      "integrity": "sha512-UjgapumWlbMhkBgzT7Ykc5YXUT46F0iKu8SGXq0bcwP5dz/h0Plj6enJqjz1Zbq2l5WaqYnrVbwWOWMyF3F47g==",
      "dev": true,
      "engines": {
        "node": ">=0.10.0"
      }
    },
    "node_modules/source-map-support": {
      "version": "0.5.21",
      "resolved": "https://registry.npmjs.org/source-map-support/-/source-map-support-0.5.21.tgz",
      "integrity": "sha512-uBHU3L3czsIyYXKX88fdrGovxdSCoTGDRZ6SYXtSRxLZUzHg5P/66Ht6uoUlHu9EZod+inXhKo3qQgwXUT/y1w==",
      "dev": true,
      "dependencies": {
        "buffer-from": "^1.0.0",
        "source-map": "^0.6.0"
      }
    },
    "node_modules/tsx": {
      "version": "3.12.1",
      "resolved": "https://registry.npmjs.org/tsx/-/tsx-3.12.1.tgz",
      "integrity": "sha512-Rcg1x+rNe7qwlP8j7kx4VjP/pJo/V57k+17hlrn6a7FuQLNwkaw5W4JF75tYornNVCxkXdSUnqlIT8JY/ttvIw==",
      "dev": true,
      "dependencies": {
        "@esbuild-kit/cjs-loader": "^2.4.0",
        "@esbuild-kit/core-utils": "^3.0.0",
        "@esbuild-kit/esm-loader": "^2.5.0"
      },
      "bin": {
        "tsx": "dist/cli.js"
      },
      "optionalDependencies": {
        "fsevents": "~2.3.2"
      }
    },
    "node_modules/typesafe-i18n": {
      "version": "5.16.3",
      "resolved": "https://registry.npmjs.org/typesafe-i18n/-/typesafe-i18n-5.16.3.tgz",
      "integrity": "sha512-9KxHDFzNW5vA1a4kVPEm9Jslch0H5W2IkPcJjuaqofr86U0EXkrkvF3IbPjzwnWwEf/wC900ZE7RPnePW5KYKg==",
      "bin": {
        "typesafe-i18n": "cli/typesafe-i18n.mjs"
      },
      "funding": {
        "type": "github",
        "url": "https://github.com/sponsors/ivanhofer"
      },
      "peerDependencies": {
        "typescript": ">=3.5.1"
      }
    },
    "node_modules/typescript": {
      "version": "4.9.3",
      "resolved": "https://registry.npmjs.org/typescript/-/typescript-4.9.3.tgz",
      "integrity": "sha512-CIfGzTelbKNEnLpLdGFgdyKhG23CKdKgQPOBc+OUNrkJ2vr+KSzsSV5kq5iWhEQbok+quxgGzrAtGWCyU7tHnA==",
      "bin": {
        "tsc": "bin/tsc",
        "tsserver": "bin/tsserver"
      },
      "engines": {
        "node": ">=4.2.0"
      }
    }
  },
  "dependencies": {
    "@esbuild-kit/cjs-loader": {
      "version": "2.4.0",
      "resolved": "https://registry.npmjs.org/@esbuild-kit/cjs-loader/-/cjs-loader-2.4.0.tgz",
      "integrity": "sha512-DBBCiHPgL2B/elUpvCDhNHXnlZQ9sfO2uyt1OJyAXKT41beQEFY4OxZ6gwS+ZesRCbZ6JV8M7GEyOPkjv8kdIw==",
      "dev": true,
      "requires": {
        "@esbuild-kit/core-utils": "^3.0.0",
        "get-tsconfig": "^4.2.0"
      }
    },
    "@esbuild-kit/core-utils": {
      "version": "3.0.0",
      "resolved": "https://registry.npmjs.org/@esbuild-kit/core-utils/-/core-utils-3.0.0.tgz",
      "integrity": "sha512-TXmwH9EFS3DC2sI2YJWJBgHGhlteK0Xyu1VabwetMULfm3oYhbrsWV5yaSr2NTWZIgDGVLHbRf0inxbjXqAcmQ==",
      "dev": true,
      "requires": {
        "esbuild": "~0.15.10",
        "source-map-support": "^0.5.21"
      }
    },
    "@esbuild-kit/esm-loader": {
      "version": "2.5.0",
      "resolved": "https://registry.npmjs.org/@esbuild-kit/esm-loader/-/esm-loader-2.5.0.tgz",
      "integrity": "sha512-ySs0qOsiwj+hsgZM9/MniGdvfa9/WzqfFuIia8/5gSUPeIQIX2/tG91QakxPFOR35VFiwTB7wCiHtiS6dc6SkA==",
      "dev": true,
      "requires": {
        "@esbuild-kit/core-utils": "^3.0.0",
        "get-tsconfig": "^4.2.0"
      }
    },
    "@esbuild/android-arm": {
      "version": "0.15.14",
      "resolved": "https://registry.npmjs.org/@esbuild/android-arm/-/android-arm-0.15.14.tgz",
      "integrity": "sha512-+Rb20XXxRGisNu2WmNKk+scpanb7nL5yhuI1KR9wQFiC43ddPj/V1fmNyzlFC9bKiG4mYzxW7egtoHVcynr+OA==",
      "dev": true,
      "optional": true
    },
    "@esbuild/linux-loong64": {
      "version": "0.15.14",
      "resolved": "https://registry.npmjs.org/@esbuild/linux-loong64/-/linux-loong64-0.15.14.tgz",
      "integrity": "sha512-eQi9rosGNVQFJyJWV0HCA5WZae/qWIQME7s8/j8DMvnylfBv62Pbu+zJ2eUDqNf2O4u3WB+OEXyfkpBoe194sg==",
      "dev": true,
      "optional": true
    },
    "@types/node": {
      "version": "17.0.45",
      "resolved": "https://registry.npmjs.org/@types/node/-/node-17.0.45.tgz",
      "integrity": "sha512-w+tIMs3rq2afQdsPJlODhoUEKzFP1ayaoyl1CcnwtIlsVe7K7bA1NGm4s3PraqTLlXnbIN84zuBlxBWo1u9BLw==",
      "dev": true
    },
    "buffer-from": {
      "version": "1.1.2",
      "resolved": "https://registry.npmjs.org/buffer-from/-/buffer-from-1.1.2.tgz",
      "integrity": "sha512-E+XQCRwSbaaiChtv6k6Dwgc+bx+Bs6vuKJHHl5kox/BaKbhiXzqQOwK4cO22yElGp2OCmjwVhT3HmxgyPGnJfQ==",
      "dev": true
    },
    "esbuild": {
      "version": "0.15.14",
      "resolved": "https://registry.npmjs.org/esbuild/-/esbuild-0.15.14.tgz",
      "integrity": "sha512-pJN8j42fvWLFWwSMG4luuupl2Me7mxciUOsMegKvwCmhEbJ2covUdFnihxm0FMIBV+cbwbtMoHgMCCI+pj1btQ==",
      "dev": true,
      "requires": {
        "@esbuild/android-arm": "0.15.14",
        "@esbuild/linux-loong64": "0.15.14",
        "esbuild-android-64": "0.15.14",
        "esbuild-android-arm64": "0.15.14",
        "esbuild-darwin-64": "0.15.14",
        "esbuild-darwin-arm64": "0.15.14",
        "esbuild-freebsd-64": "0.15.14",
        "esbuild-freebsd-arm64": "0.15.14",
        "esbuild-linux-32": "0.15.14",
        "esbuild-linux-64": "0.15.14",
        "esbuild-linux-arm": "0.15.14",
        "esbuild-linux-arm64": "0.15.14",
        "esbuild-linux-mips64le": "0.15.14",
        "esbuild-linux-ppc64le": "0.15.14",
        "esbuild-linux-riscv64": "0.15.14",
        "esbuild-linux-s390x": "0.15.14",
        "esbuild-netbsd-64": "0.15.14",
        "esbuild-openbsd-64": "0.15.14",
        "esbuild-sunos-64": "0.15.14",
        "esbuild-windows-32": "0.15.14",
        "esbuild-windows-64": "0.15.14",
        "esbuild-windows-arm64": "0.15.14"
      }
    },
    "esbuild-android-64": {
      "version": "0.15.14",
      "resolved": "https://registry.npmjs.org/esbuild-android-64/-/esbuild-android-64-0.15.14.tgz",
      "integrity": "sha512-HuilVIb4rk9abT4U6bcFdU35UHOzcWVGLSjEmC58OVr96q5UiRqzDtWjPlCMugjhgUGKEs8Zf4ueIvYbOStbIg==",
      "dev": true,
      "optional": true
    },
    "esbuild-android-arm64": {
      "version": "0.15.14",
      "resolved": "https://registry.npmjs.org/esbuild-android-arm64/-/esbuild-android-arm64-0.15.14.tgz",
      "integrity": "sha512-/QnxRVxsR2Vtf3XottAHj7hENAMW2wCs6S+OZcAbc/8nlhbAL/bCQRCVD78VtI5mdwqWkVi3wMqM94kScQCgqg==",
      "dev": true,
      "optional": true
    },
    "esbuild-darwin-64": {
      "version": "0.15.14",
      "resolved": "https://registry.npmjs.org/esbuild-darwin-64/-/esbuild-darwin-64-0.15.14.tgz",
      "integrity": "sha512-ToNuf1uifu8hhwWvoZJGCdLIX/1zpo8cOGnT0XAhDQXiKOKYaotVNx7pOVB1f+wHoWwTLInrOmh3EmA7Fd+8Vg==",
      "dev": true,
      "optional": true
    },
    "esbuild-darwin-arm64": {
      "version": "0.15.14",
      "resolved": "https://registry.npmjs.org/esbuild-darwin-arm64/-/esbuild-darwin-arm64-0.15.14.tgz",
      "integrity": "sha512-KgGP+y77GszfYJgceO0Wi/PiRtYo5y2Xo9rhBUpxTPaBgWDJ14gqYN0+NMbu+qC2fykxXaipHxN4Scaj9tUS1A==",
      "dev": true,
      "optional": true
    },
    "esbuild-freebsd-64": {
      "version": "0.15.14",
      "resolved": "https://registry.npmjs.org/esbuild-freebsd-64/-/esbuild-freebsd-64-0.15.14.tgz",
      "integrity": "sha512-xr0E2n5lyWw3uFSwwUXHc0EcaBDtsal/iIfLioflHdhAe10KSctV978Te7YsfnsMKzcoGeS366+tqbCXdqDHQA==",
      "dev": true,
      "optional": true
    },
    "esbuild-freebsd-arm64": {
      "version": "0.15.14",
      "resolved": "https://registry.npmjs.org/esbuild-freebsd-arm64/-/esbuild-freebsd-arm64-0.15.14.tgz",
      "integrity": "sha512-8XH96sOQ4b1LhMlO10eEWOjEngmZ2oyw3pW4o8kvBcpF6pULr56eeYVP5radtgw54g3T8nKHDHYEI5AItvskZg==",
      "dev": true,
      "optional": true
    },
    "esbuild-linux-32": {
      "version": "0.15.14",
      "resolved": "https://registry.npmjs.org/esbuild-linux-32/-/esbuild-linux-32-0.15.14.tgz",
      "integrity": "sha512-6ssnvwaTAi8AzKN8By2V0nS+WF5jTP7SfuK6sStGnDP7MCJo/4zHgM9oE1eQTS2jPmo3D673rckuCzRlig+HMA==",
      "dev": true,
      "optional": true
    },
    "esbuild-linux-64": {
      "version": "0.15.14",
      "resolved": "https://registry.npmjs.org/esbuild-linux-64/-/esbuild-linux-64-0.15.14.tgz",
      "integrity": "sha512-ONySx3U0wAJOJuxGUlXBWxVKFVpWv88JEv0NZ6NlHknmDd1yCbf4AEdClSgLrqKQDXYywmw4gYDvdLsS6z0hcw==",
      "dev": true,
      "optional": true
    },
    "esbuild-linux-arm": {
      "version": "0.15.14",
      "resolved": "https://registry.npmjs.org/esbuild-linux-arm/-/esbuild-linux-arm-0.15.14.tgz",
      "integrity": "sha512-D2LImAIV3QzL7lHURyCHBkycVFbKwkDb1XEUWan+2fb4qfW7qAeUtul7ZIcIwFKZgPcl+6gKZmvLgPSj26RQ2Q==",
      "dev": true,
      "optional": true
    },
    "esbuild-linux-arm64": {
      "version": "0.15.14",
      "resolved": "https://registry.npmjs.org/esbuild-linux-arm64/-/esbuild-linux-arm64-0.15.14.tgz",
      "integrity": "sha512-kle2Ov6a1e5AjlHlMQl1e+c4myGTeggrRzArQFmWp6O6JoqqB9hT+B28EW4tjFWgV/NxUq46pWYpgaWXsXRPAg==",
      "dev": true,
      "optional": true
    },
    "esbuild-linux-mips64le": {
      "version": "0.15.14",
      "resolved": "https://registry.npmjs.org/esbuild-linux-mips64le/-/esbuild-linux-mips64le-0.15.14.tgz",
      "integrity": "sha512-FVdMYIzOLXUq+OE7XYKesuEAqZhmAIV6qOoYahvUp93oXy0MOVTP370ECbPfGXXUdlvc0TNgkJa3YhEwyZ6MRA==",
      "dev": true,
      "optional": true
    },
    "esbuild-linux-ppc64le": {
      "version": "0.15.14",
      "resolved": "https://registry.npmjs.org/esbuild-linux-ppc64le/-/esbuild-linux-ppc64le-0.15.14.tgz",
      "integrity": "sha512-2NzH+iuzMDA+jjtPjuIz/OhRDf8tzbQ1tRZJI//aT25o1HKc0reMMXxKIYq/8nSHXiJSnYV4ODzTiv45s+h73w==",
      "dev": true,
      "optional": true
    },
    "esbuild-linux-riscv64": {
      "version": "0.15.14",
      "resolved": "https://registry.npmjs.org/esbuild-linux-riscv64/-/esbuild-linux-riscv64-0.15.14.tgz",
      "integrity": "sha512-VqxvutZNlQxmUNS7Ac+aczttLEoHBJ9e3OYGqnULrfipRvG97qLrAv9EUY9iSrRKBqeEbSvS9bSfstZqwz0T4Q==",
      "dev": true,
      "optional": true
    },
    "esbuild-linux-s390x": {
      "version": "0.15.14",
      "resolved": "https://registry.npmjs.org/esbuild-linux-s390x/-/esbuild-linux-s390x-0.15.14.tgz",
      "integrity": "sha512-+KVHEUshX5n6VP6Vp/AKv9fZIl5kr2ph8EUFmQUJnDpHwcfTSn2AQgYYm0HTBR2Mr4d0Wlr0FxF/Cs5pbFgiOw==",
      "dev": true,
      "optional": true
    },
    "esbuild-netbsd-64": {
      "version": "0.15.14",
      "resolved": "https://registry.npmjs.org/esbuild-netbsd-64/-/esbuild-netbsd-64-0.15.14.tgz",
      "integrity": "sha512-6D/dr17piEgevIm1xJfZP2SjB9Z+g8ERhNnBdlZPBWZl+KSPUKLGF13AbvC+nzGh8IxOH2TyTIdRMvKMP0nEzQ==",
      "dev": true,
      "optional": true
    },
    "esbuild-openbsd-64": {
      "version": "0.15.14",
      "resolved": "https://registry.npmjs.org/esbuild-openbsd-64/-/esbuild-openbsd-64-0.15.14.tgz",
      "integrity": "sha512-rREQBIlMibBetgr2E9Lywt2Qxv2ZdpmYahR4IUlAQ1Efv/A5gYdO0/VIN3iowDbCNTLxp0bb57Vf0LFcffD6kA==",
      "dev": true,
      "optional": true
    },
    "esbuild-sunos-64": {
      "version": "0.15.14",
      "resolved": "https://registry.npmjs.org/esbuild-sunos-64/-/esbuild-sunos-64-0.15.14.tgz",
      "integrity": "sha512-DNVjSp/BY4IfwtdUAvWGIDaIjJXY5KI4uD82+15v6k/w7px9dnaDaJJ2R6Mu+KCgr5oklmFc0KjBjh311Gxl9Q==",
      "dev": true,
      "optional": true
    },
    "esbuild-windows-32": {
      "version": "0.15.14",
      "resolved": "https://registry.npmjs.org/esbuild-windows-32/-/esbuild-windows-32-0.15.14.tgz",
      "integrity": "sha512-pHBWrcA+/oLgvViuG9FO3kNPO635gkoVrRQwe6ZY1S0jdET07xe2toUvQoJQ8KT3/OkxqUasIty5hpuKFLD+eg==",
      "dev": true,
      "optional": true
    },
    "esbuild-windows-64": {
      "version": "0.15.14",
      "resolved": "https://registry.npmjs.org/esbuild-windows-64/-/esbuild-windows-64-0.15.14.tgz",
      "integrity": "sha512-CszIGQVk/P8FOS5UgAH4hKc9zOaFo69fe+k1rqgBHx3CSK3Opyk5lwYriIamaWOVjBt7IwEP6NALz+tkVWdFog==",
      "dev": true,
      "optional": true
    },
    "esbuild-windows-arm64": {
      "version": "0.15.14",
      "resolved": "https://registry.npmjs.org/esbuild-windows-arm64/-/esbuild-windows-arm64-0.15.14.tgz",
      "integrity": "sha512-KW9W4psdZceaS9A7Jsgl4WialOznSURvqX/oHZk3gOP7KbjtHLSsnmSvNdzagGJfxbAe30UVGXRe8q8nDsOSQw==",
      "dev": true,
      "optional": true
    },
    "fsevents": {
      "version": "2.3.2",
      "resolved": "https://registry.npmjs.org/fsevents/-/fsevents-2.3.2.tgz",
      "integrity": "sha512-xiqMQR4xAeHTuB9uWm+fFRcIOgKBMiOBP+eXiyT7jsgVCq1bkVygt00oASowB7EdtpOHaaPgKt812P9ab+DDKA==",
      "dev": true,
      "optional": true
    },
    "get-tsconfig": {
      "version": "4.2.0",
      "resolved": "https://registry.npmjs.org/get-tsconfig/-/get-tsconfig-4.2.0.tgz",
      "integrity": "sha512-X8u8fREiYOE6S8hLbq99PeykTDoLVnxvF4DjWKJmz9xy2nNRdUcV8ZN9tniJFeKyTU3qnC9lL8n4Chd6LmVKHg==",
      "dev": true
    },
    "source-map": {
      "version": "0.6.1",
      "resolved": "https://registry.npmjs.org/source-map/-/source-map-0.6.1.tgz",
      "integrity": "sha512-UjgapumWlbMhkBgzT7Ykc5YXUT46F0iKu8SGXq0bcwP5dz/h0Plj6enJqjz1Zbq2l5WaqYnrVbwWOWMyF3F47g==",
      "dev": true
    },
    "source-map-support": {
      "version": "0.5.21",
      "resolved": "https://registry.npmjs.org/source-map-support/-/source-map-support-0.5.21.tgz",
      "integrity": "sha512-uBHU3L3czsIyYXKX88fdrGovxdSCoTGDRZ6SYXtSRxLZUzHg5P/66Ht6uoUlHu9EZod+inXhKo3qQgwXUT/y1w==",
      "dev": true,
      "requires": {
        "buffer-from": "^1.0.0",
        "source-map": "^0.6.0"
      }
    },
    "tsx": {
      "version": "3.12.1",
      "resolved": "https://registry.npmjs.org/tsx/-/tsx-3.12.1.tgz",
      "integrity": "sha512-Rcg1x+rNe7qwlP8j7kx4VjP/pJo/V57k+17hlrn6a7FuQLNwkaw5W4JF75tYornNVCxkXdSUnqlIT8JY/ttvIw==",
      "dev": true,
      "requires": {
        "@esbuild-kit/cjs-loader": "^2.4.0",
        "@esbuild-kit/core-utils": "^3.0.0",
        "@esbuild-kit/esm-loader": "^2.5.0",
        "fsevents": "~2.3.2"
      }
    },
    "typesafe-i18n": {
      "version": "5.16.3",
      "resolved": "https://registry.npmjs.org/typesafe-i18n/-/typesafe-i18n-5.16.3.tgz",
      "integrity": "sha512-9KxHDFzNW5vA1a4kVPEm9Jslch0H5W2IkPcJjuaqofr86U0EXkrkvF3IbPjzwnWwEf/wC900ZE7RPnePW5KYKg==",
      "requires": {}
    },
    "typescript": {
      "version": "4.9.3",
      "resolved": "https://registry.npmjs.org/typescript/-/typescript-4.9.3.tgz",
      "integrity": "sha512-CIfGzTelbKNEnLpLdGFgdyKhG23CKdKgQPOBc+OUNrkJ2vr+KSzsSV5kq5iWhEQbok+quxgGzrAtGWCyU7tHnA=="
    }
  }
}
