{
	"name": "typesafe-i18n_example_importer",
	"lockfileVersion": 2,
	"requires": true,
	"packages": {
		"": {
			"name": "typesafe-i18n_example_importer",
			"dependencies": {
				"typesafe-i18n": "^5.3.5"
			},
			"devDependencies": {
				"typescript": "^4.5.4",
				"vite": "^2.8.0"
			}
		},
		"node_modules/esbuild": {
			"version": "0.14.34",
			"resolved": "https://registry.npmjs.org/esbuild/-/esbuild-0.14.34.tgz",
			"integrity": "sha512-QIWdPT/gFF6hCaf4m7kP0cJ+JIuFkdHibI7vVFvu3eJS1HpVmYHWDulyN5WXwbRA0SX/7ZDaJ/1DH8SdY9xOJg==",
			"dev": true,
			"hasInstallScript": true,
			"bin": {
				"esbuild": "bin/esbuild"
			},
			"engines": {
				"node": ">=12"
			},
			"optionalDependencies": {
				"esbuild-android-64": "0.14.34",
				"esbuild-android-arm64": "0.14.34",
				"esbuild-darwin-64": "0.14.34",
				"esbuild-darwin-arm64": "0.14.34",
				"esbuild-freebsd-64": "0.14.34",
				"esbuild-freebsd-arm64": "0.14.34",
				"esbuild-linux-32": "0.14.34",
				"esbuild-linux-64": "0.14.34",
				"esbuild-linux-arm": "0.14.34",
				"esbuild-linux-arm64": "0.14.34",
				"esbuild-linux-mips64le": "0.14.34",
				"esbuild-linux-ppc64le": "0.14.34",
				"esbuild-linux-riscv64": "0.14.34",
				"esbuild-linux-s390x": "0.14.34",
				"esbuild-netbsd-64": "0.14.34",
				"esbuild-openbsd-64": "0.14.34",
				"esbuild-sunos-64": "0.14.34",
				"esbuild-windows-32": "0.14.34",
				"esbuild-windows-64": "0.14.34",
				"esbuild-windows-arm64": "0.14.34"
			}
		},
		"node_modules/esbuild-android-64": {
			"version": "0.14.34",
			"resolved": "https://registry.npmjs.org/esbuild-android-64/-/esbuild-android-64-0.14.34.tgz",
			"integrity": "sha512-XfxcfJqmMYsT/LXqrptzFxmaR3GWzXHDLdFNIhm6S00zPaQF1TBBWm+9t0RZ6LRR7iwH57DPjaOeW20vMqI4Yw==",
			"cpu": [
				"x64"
			],
			"dev": true,
			"optional": true,
			"os": [
				"android"
			],
			"engines": {
				"node": ">=12"
			}
		},
		"node_modules/esbuild-android-arm64": {
			"version": "0.14.34",
			"resolved": "https://registry.npmjs.org/esbuild-android-arm64/-/esbuild-android-arm64-0.14.34.tgz",
			"integrity": "sha512-T02+NXTmSRL1Mc6puz+R9CB54rSPICkXKq6+tw8B6vxZFnCPzbJxgwIX4kcluz9p8nYBjF3+lSilTGWb7+Xgew==",
			"cpu": [
				"arm64"
			],
			"dev": true,
			"optional": true,
			"os": [
				"android"
			],
			"engines": {
				"node": ">=12"
			}
		},
		"node_modules/esbuild-darwin-64": {
			"version": "0.14.34",
			"resolved": "https://registry.npmjs.org/esbuild-darwin-64/-/esbuild-darwin-64-0.14.34.tgz",
			"integrity": "sha512-pLRip2Bh4Ng7Bf6AMgCrSp3pPe/qZyf11h5Qo2mOfJqLWzSVjxrXW+CFRJfrOVP7TCnh/gmZSM2AFdCPB72vtw==",
			"cpu": [
				"x64"
			],
			"dev": true,
			"optional": true,
			"os": [
				"darwin"
			],
			"engines": {
				"node": ">=12"
			}
		},
		"node_modules/esbuild-darwin-arm64": {
			"version": "0.14.34",
			"resolved": "https://registry.npmjs.org/esbuild-darwin-arm64/-/esbuild-darwin-arm64-0.14.34.tgz",
			"integrity": "sha512-vpidSJEBxx6lf1NWgXC+DCmGqesJuZ5Y8aQVVsaoO4i8tRXbXb0whChRvop/zd3nfNM4dIl5EXAky0knRX5I6w==",
			"cpu": [
				"arm64"
			],
			"dev": true,
			"optional": true,
			"os": [
				"darwin"
			],
			"engines": {
				"node": ">=12"
			}
		},
		"node_modules/esbuild-freebsd-64": {
			"version": "0.14.34",
			"resolved": "https://registry.npmjs.org/esbuild-freebsd-64/-/esbuild-freebsd-64-0.14.34.tgz",
			"integrity": "sha512-m0HBjePhe0hAQJgtMRMNV9kMgIyV4/qSnzPx42kRMQBcPhgjAq1JRu4Il26czC+9FgpMbFkUktb07f/Lwnc6CA==",
			"cpu": [
				"x64"
			],
			"dev": true,
			"optional": true,
			"os": [
				"freebsd"
			],
			"engines": {
				"node": ">=12"
			}
		},
		"node_modules/esbuild-freebsd-arm64": {
			"version": "0.14.34",
			"resolved": "https://registry.npmjs.org/esbuild-freebsd-arm64/-/esbuild-freebsd-arm64-0.14.34.tgz",
			"integrity": "sha512-cpRc2B94L1KvMPPYB4D6G39jLqpKlD3noAMY4/e86iXXXkhUYJJEtTuyNFTa9JRpWM0xCAp4mxjHjoIiLuoCLA==",
			"cpu": [
				"arm64"
			],
			"dev": true,
			"optional": true,
			"os": [
				"freebsd"
			],
			"engines": {
				"node": ">=12"
			}
		},
		"node_modules/esbuild-linux-32": {
			"version": "0.14.34",
			"resolved": "https://registry.npmjs.org/esbuild-linux-32/-/esbuild-linux-32-0.14.34.tgz",
			"integrity": "sha512-8nQaEaoW7MH/K/RlozJa+lE1ejHIr8fuPIHhc513UebRav7HtXgQvxHQ6VZRUkWtep23M6dd7UqhwO1tMOfzQQ==",
			"cpu": [
				"ia32"
			],
			"dev": true,
			"optional": true,
			"os": [
				"linux"
			],
			"engines": {
				"node": ">=12"
			}
		},
		"node_modules/esbuild-linux-64": {
			"version": "0.14.34",
			"resolved": "https://registry.npmjs.org/esbuild-linux-64/-/esbuild-linux-64-0.14.34.tgz",
			"integrity": "sha512-Y3of4qQoLLlAgf042MlrY1P+7PnN9zWj8nVtw9XQG5hcLOZLz7IKpU35oeu7n4wvyaZHwvQqDJ93gRLqdJekcQ==",
			"cpu": [
				"x64"
			],
			"dev": true,
			"optional": true,
			"os": [
				"linux"
			],
			"engines": {
				"node": ">=12"
			}
		},
		"node_modules/esbuild-linux-arm": {
			"version": "0.14.34",
			"resolved": "https://registry.npmjs.org/esbuild-linux-arm/-/esbuild-linux-arm-0.14.34.tgz",
			"integrity": "sha512-9lpq1NcJqssAF7alCO6zL3gvBVVt/lKw4oetUM7OgNnRX0OWpB+ZIO9FwCrSj/dMdmgDhPLf+119zB8QxSMmAg==",
			"cpu": [
				"arm"
			],
			"dev": true,
			"optional": true,
			"os": [
				"linux"
			],
			"engines": {
				"node": ">=12"
			}
		},
		"node_modules/esbuild-linux-arm64": {
			"version": "0.14.34",
			"resolved": "https://registry.npmjs.org/esbuild-linux-arm64/-/esbuild-linux-arm64-0.14.34.tgz",
			"integrity": "sha512-IlWaGtj9ir7+Nrume1DGcyzBDlK8GcnJq0ANKwcI9pVw8tqr+6GD0eqyF9SF1mR8UmAp+odrx1H5NdR2cHdFHA==",
			"cpu": [
				"arm64"
			],
			"dev": true,
			"optional": true,
			"os": [
				"linux"
			],
			"engines": {
				"node": ">=12"
			}
		},
		"node_modules/esbuild-linux-mips64le": {
			"version": "0.14.34",
			"resolved": "https://registry.npmjs.org/esbuild-linux-mips64le/-/esbuild-linux-mips64le-0.14.34.tgz",
			"integrity": "sha512-k3or+01Rska1AjUyNjA4buEwB51eyN/xPQAoOx1CjzAQC3l8rpjUDw55kXyL63O/1MUi4ISvtNtl8gLwdyEcxw==",
			"cpu": [
				"mips64el"
			],
			"dev": true,
			"optional": true,
			"os": [
				"linux"
			],
			"engines": {
				"node": ">=12"
			}
		},
		"node_modules/esbuild-linux-ppc64le": {
			"version": "0.14.34",
			"resolved": "https://registry.npmjs.org/esbuild-linux-ppc64le/-/esbuild-linux-ppc64le-0.14.34.tgz",
			"integrity": "sha512-+qxb8M9FfM2CJaVU7GgYpJOHM1ngQOx+/VrtBjb4C8oVqaPcESCeg2anjl+HRZy8VpYc71q/iBYausPPbJ+Keg==",
			"cpu": [
				"ppc64"
			],
			"dev": true,
			"optional": true,
			"os": [
				"linux"
			],
			"engines": {
				"node": ">=12"
			}
		},
		"node_modules/esbuild-linux-riscv64": {
			"version": "0.14.34",
			"resolved": "https://registry.npmjs.org/esbuild-linux-riscv64/-/esbuild-linux-riscv64-0.14.34.tgz",
			"integrity": "sha512-Y717ltBdQ5j5sZIHdy1DV9kieo0wMip0dCmVSTceowCPYSn1Cg33Kd6981+F/3b9FDMzNWldZFOBRILViENZSA==",
			"cpu": [
				"riscv64"
			],
			"dev": true,
			"optional": true,
			"os": [
				"linux"
			],
			"engines": {
				"node": ">=12"
			}
		},
		"node_modules/esbuild-linux-s390x": {
			"version": "0.14.34",
			"resolved": "https://registry.npmjs.org/esbuild-linux-s390x/-/esbuild-linux-s390x-0.14.34.tgz",
			"integrity": "sha512-bDDgYO4LhL4+zPs+WcBkXph+AQoPcQRTv18FzZS0WhjfH8TZx2QqlVPGhmhZ6WidrY+jKthUqO6UhGyIb4MpmA==",
			"cpu": [
				"s390x"
			],
			"dev": true,
			"optional": true,
			"os": [
				"linux"
			],
			"engines": {
				"node": ">=12"
			}
		},
		"node_modules/esbuild-netbsd-64": {
			"version": "0.14.34",
			"resolved": "https://registry.npmjs.org/esbuild-netbsd-64/-/esbuild-netbsd-64-0.14.34.tgz",
			"integrity": "sha512-cfaFGXdRt0+vHsjNPyF0POM4BVSHPSbhLPe8mppDc7GDDxjIl08mV1Zou14oDWMp/XZMjYN1kWYRSfftiD0vvQ==",
			"cpu": [
				"x64"
			],
			"dev": true,
			"optional": true,
			"os": [
				"netbsd"
			],
			"engines": {
				"node": ">=12"
			}
		},
		"node_modules/esbuild-openbsd-64": {
			"version": "0.14.34",
			"resolved": "https://registry.npmjs.org/esbuild-openbsd-64/-/esbuild-openbsd-64-0.14.34.tgz",
			"integrity": "sha512-vmy9DxXVnRiI14s8GKuYBtess+EVcDALkbpTqd5jw4XITutIzyB7n4x0Tj5utAkKsgZJB22lLWGekr0ABnSLow==",
			"cpu": [
				"x64"
			],
			"dev": true,
			"optional": true,
			"os": [
				"openbsd"
			],
			"engines": {
				"node": ">=12"
			}
		},
		"node_modules/esbuild-sunos-64": {
			"version": "0.14.34",
			"resolved": "https://registry.npmjs.org/esbuild-sunos-64/-/esbuild-sunos-64-0.14.34.tgz",
			"integrity": "sha512-eNPVatNET1F7tRMhii7goL/eptfxc0ALRjrj9SPFNqp0zmxrehBFD6BaP3R4LjMn6DbMO0jOAnTLFKr8NqcJAA==",
			"cpu": [
				"x64"
			],
			"dev": true,
			"optional": true,
			"os": [
				"sunos"
			],
			"engines": {
				"node": ">=12"
			}
		},
		"node_modules/esbuild-windows-32": {
			"version": "0.14.34",
			"resolved": "https://registry.npmjs.org/esbuild-windows-32/-/esbuild-windows-32-0.14.34.tgz",
			"integrity": "sha512-EFhpXyHEcnqWYe2rAHFd8dRw8wkrd9U+9oqcyoEL84GbanAYjiiIjBZsnR8kl0sCQ5w6bLpk7vCEIA2VS32Vcg==",
			"cpu": [
				"ia32"
			],
			"dev": true,
			"optional": true,
			"os": [
				"win32"
			],
			"engines": {
				"node": ">=12"
			}
		},
		"node_modules/esbuild-windows-64": {
			"version": "0.14.34",
			"resolved": "https://registry.npmjs.org/esbuild-windows-64/-/esbuild-windows-64-0.14.34.tgz",
			"integrity": "sha512-a8fbl8Ky7PxNEjf1aJmtxdDZj32/hC7S1OcA2ckEpCJRTjiKslI9vAdPpSjrKIWhws4Galpaawy0nB7fjHYf5Q==",
			"cpu": [
				"x64"
			],
			"dev": true,
			"optional": true,
			"os": [
				"win32"
			],
			"engines": {
				"node": ">=12"
			}
		},
		"node_modules/esbuild-windows-arm64": {
			"version": "0.14.34",
			"resolved": "https://registry.npmjs.org/esbuild-windows-arm64/-/esbuild-windows-arm64-0.14.34.tgz",
			"integrity": "sha512-EYvmKbSa2B3sPnpC28UEu9jBK5atGV4BaVRE7CYGUci2Hlz4AvtV/LML+TcDMT6gBgibnN2gcltWclab3UutMg==",
			"cpu": [
				"arm64"
			],
			"dev": true,
			"optional": true,
			"os": [
				"win32"
			],
			"engines": {
				"node": ">=12"
			}
		},
		"node_modules/fsevents": {
			"version": "2.3.2",
			"resolved": "https://registry.npmjs.org/fsevents/-/fsevents-2.3.2.tgz",
			"integrity": "sha512-xiqMQR4xAeHTuB9uWm+fFRcIOgKBMiOBP+eXiyT7jsgVCq1bkVygt00oASowB7EdtpOHaaPgKt812P9ab+DDKA==",
			"dev": true,
			"hasInstallScript": true,
			"optional": true,
			"os": [
				"darwin"
			],
			"engines": {
				"node": "^8.16.0 || ^10.6.0 || >=11.0.0"
			}
		},
		"node_modules/function-bind": {
			"version": "1.1.1",
			"resolved": "https://registry.npmjs.org/function-bind/-/function-bind-1.1.1.tgz",
			"integrity": "sha512-yIovAzMX49sF8Yl58fSCWJ5svSLuaibPxXQJFLmBObTuCr0Mf1KiPopGM9NiFjiYBCbfaa2Fh6breQ6ANVTI0A==",
			"dev": true
		},
		"node_modules/has": {
			"version": "1.0.3",
			"resolved": "https://registry.npmjs.org/has/-/has-1.0.3.tgz",
			"integrity": "sha512-f2dvO0VU6Oej7RkWJGrehjbzMAjFp5/VKPp5tTpWIV4JHHZK1/BxbFRtf/siA2SWTe09caDmVtYYzWEIbBS4zw==",
			"dev": true,
			"dependencies": {
				"function-bind": "^1.1.1"
			},
			"engines": {
				"node": ">= 0.4.0"
			}
		},
		"node_modules/is-core-module": {
			"version": "2.8.1",
			"resolved": "https://registry.npmjs.org/is-core-module/-/is-core-module-2.8.1.tgz",
			"integrity": "sha512-SdNCUs284hr40hFTFP6l0IfZ/RSrMXF3qgoRHd3/79unUTvrFO/JoXwkGm+5J/Oe3E/b5GsnG330uUNgRpu1PA==",
			"dev": true,
			"dependencies": {
				"has": "^1.0.3"
			},
			"funding": {
				"url": "https://github.com/sponsors/ljharb"
			}
		},
		"node_modules/nanoid": {
			"version": "3.3.2",
			"resolved": "https://registry.npmjs.org/nanoid/-/nanoid-3.3.2.tgz",
			"integrity": "sha512-CuHBogktKwpm5g2sRgv83jEy2ijFzBwMoYA60orPDR7ynsLijJDqgsi4RDGj3OJpy3Ieb+LYwiRmIOGyytgITA==",
			"dev": true,
			"bin": {
				"nanoid": "bin/nanoid.cjs"
			},
			"engines": {
				"node": "^10 || ^12 || ^13.7 || ^14 || >=15.0.1"
			}
		},
		"node_modules/path-parse": {
			"version": "1.0.7",
			"resolved": "https://registry.npmjs.org/path-parse/-/path-parse-1.0.7.tgz",
			"integrity": "sha512-LDJzPVEEEPR+y48z93A0Ed0yXb8pAByGWo/k5YYdYgpY2/2EsOsksJrq7lOHxryrVOn1ejG6oAp8ahvOIQD8sw==",
			"dev": true
		},
		"node_modules/picocolors": {
			"version": "1.0.0",
			"resolved": "https://registry.npmjs.org/picocolors/-/picocolors-1.0.0.tgz",
			"integrity": "sha512-1fygroTLlHu66zi26VoTDv8yRgm0Fccecssto+MhsZ0D/DGW2sm8E8AjW7NU5VVTRt5GxbeZ5qBuJr+HyLYkjQ==",
			"dev": true
		},
		"node_modules/postcss": {
			"version": "8.4.12",
			"resolved": "https://registry.npmjs.org/postcss/-/postcss-8.4.12.tgz",
			"integrity": "sha512-lg6eITwYe9v6Hr5CncVbK70SoioNQIq81nsaG86ev5hAidQvmOeETBqs7jm43K2F5/Ley3ytDtriImV6TpNiSg==",
			"dev": true,
			"funding": [
				{
					"type": "opencollective",
					"url": "https://opencollective.com/postcss/"
				},
				{
					"type": "tidelift",
					"url": "https://tidelift.com/funding/github/npm/postcss"
				}
			],
			"dependencies": {
				"nanoid": "^3.3.1",
				"picocolors": "^1.0.0",
				"source-map-js": "^1.0.2"
			},
			"engines": {
				"node": "^10 || ^12 || >=14"
			}
		},
		"node_modules/resolve": {
			"version": "1.22.0",
			"resolved": "https://registry.npmjs.org/resolve/-/resolve-1.22.0.tgz",
			"integrity": "sha512-Hhtrw0nLeSrFQ7phPp4OOcVjLPIeMnRlr5mcnVuMe7M/7eBn98A3hmFRLoFo3DLZkivSYwhRUJTyPyWAk56WLw==",
			"dev": true,
			"dependencies": {
				"is-core-module": "^2.8.1",
				"path-parse": "^1.0.7",
				"supports-preserve-symlinks-flag": "^1.0.0"
			},
			"bin": {
				"resolve": "bin/resolve"
			},
			"funding": {
				"url": "https://github.com/sponsors/ljharb"
			}
		},
		"node_modules/rollup": {
			"version": "2.70.1",
			"resolved": "https://registry.npmjs.org/rollup/-/rollup-2.70.1.tgz",
			"integrity": "sha512-CRYsI5EuzLbXdxC6RnYhOuRdtz4bhejPMSWjsFLfVM/7w/85n2szZv6yExqUXsBdz5KT8eoubeyDUDjhLHEslA==",
			"dev": true,
			"bin": {
				"rollup": "dist/bin/rollup"
			},
			"engines": {
				"node": ">=10.0.0"
			},
			"optionalDependencies": {
				"fsevents": "~2.3.2"
			}
		},
		"node_modules/source-map-js": {
			"version": "1.0.2",
			"resolved": "https://registry.npmjs.org/source-map-js/-/source-map-js-1.0.2.tgz",
			"integrity": "sha512-R0XvVJ9WusLiqTCEiGCmICCMplcCkIwwR11mOSD9CR5u+IXYdiseeEuXCVAjS54zqwkLcPNnmU4OeJ6tUrWhDw==",
			"dev": true,
			"engines": {
				"node": ">=0.10.0"
			}
		},
		"node_modules/supports-preserve-symlinks-flag": {
			"version": "1.0.0",
			"resolved": "https://registry.npmjs.org/supports-preserve-symlinks-flag/-/supports-preserve-symlinks-flag-1.0.0.tgz",
			"integrity": "sha512-ot0WnXS9fgdkgIcePe6RHNk1WA8+muPa6cSjeR3V8K27q9BB1rTE3R1p7Hv0z1ZyAc8s6Vvv8DIyWf681MAt0w==",
			"dev": true,
			"engines": {
				"node": ">= 0.4"
			},
			"funding": {
				"url": "https://github.com/sponsors/ljharb"
			}
		},
		"node_modules/typesafe-i18n": {
			"version": "5.3.5",
			"resolved": "https://registry.npmjs.org/typesafe-i18n/-/typesafe-i18n-5.3.5.tgz",
			"integrity": "sha512-ZjCCQ2lCyyvUThtxJblXoxwpr62paOjMRi/Kia1PSEh3gRfwPvEorABS0zTdF6lZ75MQXoz0WqtobChVjkO5mQ==",
			"bin": {
				"typesafe-i18n": "cli/typesafe-i18n.mjs"
			},
			"funding": {
				"type": "github",
				"url": "https://github.com/sponsors/ivanhofer"
			},
			"peerDependencies": {
				"typescript": ">=3.5.1"
			}
		},
		"node_modules/typescript": {
			"version": "4.6.3",
			"resolved": "https://registry.npmjs.org/typescript/-/typescript-4.6.3.tgz",
			"integrity": "sha512-yNIatDa5iaofVozS/uQJEl3JRWLKKGJKh6Yaiv0GLGSuhpFJe7P3SbHZ8/yjAHRQwKRoA6YZqlfjXWmVzoVSMw==",
			"bin": {
				"tsc": "bin/tsc",
				"tsserver": "bin/tsserver"
			},
			"engines": {
				"node": ">=4.2.0"
			}
		},
		"node_modules/vite": {
			"version": "2.9.1",
			"resolved": "https://registry.npmjs.org/vite/-/vite-2.9.1.tgz",
			"integrity": "sha512-vSlsSdOYGcYEJfkQ/NeLXgnRv5zZfpAsdztkIrs7AZHV8RCMZQkwjo4DS5BnrYTqoWqLoUe1Cah4aVO4oNNqCQ==",
			"dev": true,
			"dependencies": {
				"esbuild": "^0.14.27",
				"postcss": "^8.4.12",
				"resolve": "^1.22.0",
				"rollup": "^2.59.0"
			},
			"bin": {
				"vite": "bin/vite.js"
			},
			"engines": {
				"node": ">=12.2.0"
			},
			"optionalDependencies": {
				"fsevents": "~2.3.2"
			},
			"peerDependencies": {
				"less": "*",
				"sass": "*",
				"stylus": "*"
			},
			"peerDependenciesMeta": {
				"less": {
					"optional": true
				},
				"sass": {
					"optional": true
				},
				"stylus": {
					"optional": true
				}
			}
		}
	},
	"dependencies": {
		"esbuild": {
			"version": "0.14.34",
			"resolved": "https://registry.npmjs.org/esbuild/-/esbuild-0.14.34.tgz",
			"integrity": "sha512-QIWdPT/gFF6hCaf4m7kP0cJ+JIuFkdHibI7vVFvu3eJS1HpVmYHWDulyN5WXwbRA0SX/7ZDaJ/1DH8SdY9xOJg==",
			"dev": true,
			"requires": {
				"esbuild-android-64": "0.14.34",
				"esbuild-android-arm64": "0.14.34",
				"esbuild-darwin-64": "0.14.34",
				"esbuild-darwin-arm64": "0.14.34",
				"esbuild-freebsd-64": "0.14.34",
				"esbuild-freebsd-arm64": "0.14.34",
				"esbuild-linux-32": "0.14.34",
				"esbuild-linux-64": "0.14.34",
				"esbuild-linux-arm": "0.14.34",
				"esbuild-linux-arm64": "0.14.34",
				"esbuild-linux-mips64le": "0.14.34",
				"esbuild-linux-ppc64le": "0.14.34",
				"esbuild-linux-riscv64": "0.14.34",
				"esbuild-linux-s390x": "0.14.34",
				"esbuild-netbsd-64": "0.14.34",
				"esbuild-openbsd-64": "0.14.34",
				"esbuild-sunos-64": "0.14.34",
				"esbuild-windows-32": "0.14.34",
				"esbuild-windows-64": "0.14.34",
				"esbuild-windows-arm64": "0.14.34"
			}
		},
		"esbuild-android-64": {
			"version": "0.14.34",
			"resolved": "https://registry.npmjs.org/esbuild-android-64/-/esbuild-android-64-0.14.34.tgz",
			"integrity": "sha512-XfxcfJqmMYsT/LXqrptzFxmaR3GWzXHDLdFNIhm6S00zPaQF1TBBWm+9t0RZ6LRR7iwH57DPjaOeW20vMqI4Yw==",
			"dev": true,
			"optional": true
		},
		"esbuild-android-arm64": {
			"version": "0.14.34",
			"resolved": "https://registry.npmjs.org/esbuild-android-arm64/-/esbuild-android-arm64-0.14.34.tgz",
			"integrity": "sha512-T02+NXTmSRL1Mc6puz+R9CB54rSPICkXKq6+tw8B6vxZFnCPzbJxgwIX4kcluz9p8nYBjF3+lSilTGWb7+Xgew==",
			"dev": true,
			"optional": true
		},
		"esbuild-darwin-64": {
			"version": "0.14.34",
			"resolved": "https://registry.npmjs.org/esbuild-darwin-64/-/esbuild-darwin-64-0.14.34.tgz",
			"integrity": "sha512-pLRip2Bh4Ng7Bf6AMgCrSp3pPe/qZyf11h5Qo2mOfJqLWzSVjxrXW+CFRJfrOVP7TCnh/gmZSM2AFdCPB72vtw==",
			"dev": true,
			"optional": true
		},
		"esbuild-darwin-arm64": {
			"version": "0.14.34",
			"resolved": "https://registry.npmjs.org/esbuild-darwin-arm64/-/esbuild-darwin-arm64-0.14.34.tgz",
			"integrity": "sha512-vpidSJEBxx6lf1NWgXC+DCmGqesJuZ5Y8aQVVsaoO4i8tRXbXb0whChRvop/zd3nfNM4dIl5EXAky0knRX5I6w==",
			"dev": true,
			"optional": true
		},
		"esbuild-freebsd-64": {
			"version": "0.14.34",
			"resolved": "https://registry.npmjs.org/esbuild-freebsd-64/-/esbuild-freebsd-64-0.14.34.tgz",
			"integrity": "sha512-m0HBjePhe0hAQJgtMRMNV9kMgIyV4/qSnzPx42kRMQBcPhgjAq1JRu4Il26czC+9FgpMbFkUktb07f/Lwnc6CA==",
			"dev": true,
			"optional": true
		},
		"esbuild-freebsd-arm64": {
			"version": "0.14.34",
			"resolved": "https://registry.npmjs.org/esbuild-freebsd-arm64/-/esbuild-freebsd-arm64-0.14.34.tgz",
			"integrity": "sha512-cpRc2B94L1KvMPPYB4D6G39jLqpKlD3noAMY4/e86iXXXkhUYJJEtTuyNFTa9JRpWM0xCAp4mxjHjoIiLuoCLA==",
			"dev": true,
			"optional": true
		},
		"esbuild-linux-32": {
			"version": "0.14.34",
			"resolved": "https://registry.npmjs.org/esbuild-linux-32/-/esbuild-linux-32-0.14.34.tgz",
			"integrity": "sha512-8nQaEaoW7MH/K/RlozJa+lE1ejHIr8fuPIHhc513UebRav7HtXgQvxHQ6VZRUkWtep23M6dd7UqhwO1tMOfzQQ==",
			"dev": true,
			"optional": true
		},
		"esbuild-linux-64": {
			"version": "0.14.34",
			"resolved": "https://registry.npmjs.org/esbuild-linux-64/-/esbuild-linux-64-0.14.34.tgz",
			"integrity": "sha512-Y3of4qQoLLlAgf042MlrY1P+7PnN9zWj8nVtw9XQG5hcLOZLz7IKpU35oeu7n4wvyaZHwvQqDJ93gRLqdJekcQ==",
			"dev": true,
			"optional": true
		},
		"esbuild-linux-arm": {
			"version": "0.14.34",
			"resolved": "https://registry.npmjs.org/esbuild-linux-arm/-/esbuild-linux-arm-0.14.34.tgz",
			"integrity": "sha512-9lpq1NcJqssAF7alCO6zL3gvBVVt/lKw4oetUM7OgNnRX0OWpB+ZIO9FwCrSj/dMdmgDhPLf+119zB8QxSMmAg==",
			"dev": true,
			"optional": true
		},
		"esbuild-linux-arm64": {
			"version": "0.14.34",
			"resolved": "https://registry.npmjs.org/esbuild-linux-arm64/-/esbuild-linux-arm64-0.14.34.tgz",
			"integrity": "sha512-IlWaGtj9ir7+Nrume1DGcyzBDlK8GcnJq0ANKwcI9pVw8tqr+6GD0eqyF9SF1mR8UmAp+odrx1H5NdR2cHdFHA==",
			"dev": true,
			"optional": true
		},
		"esbuild-linux-mips64le": {
			"version": "0.14.34",
			"resolved": "https://registry.npmjs.org/esbuild-linux-mips64le/-/esbuild-linux-mips64le-0.14.34.tgz",
			"integrity": "sha512-k3or+01Rska1AjUyNjA4buEwB51eyN/xPQAoOx1CjzAQC3l8rpjUDw55kXyL63O/1MUi4ISvtNtl8gLwdyEcxw==",
			"dev": true,
			"optional": true
		},
		"esbuild-linux-ppc64le": {
			"version": "0.14.34",
			"resolved": "https://registry.npmjs.org/esbuild-linux-ppc64le/-/esbuild-linux-ppc64le-0.14.34.tgz",
			"integrity": "sha512-+qxb8M9FfM2CJaVU7GgYpJOHM1ngQOx+/VrtBjb4C8oVqaPcESCeg2anjl+HRZy8VpYc71q/iBYausPPbJ+Keg==",
			"dev": true,
			"optional": true
		},
		"esbuild-linux-riscv64": {
			"version": "0.14.34",
			"resolved": "https://registry.npmjs.org/esbuild-linux-riscv64/-/esbuild-linux-riscv64-0.14.34.tgz",
			"integrity": "sha512-Y717ltBdQ5j5sZIHdy1DV9kieo0wMip0dCmVSTceowCPYSn1Cg33Kd6981+F/3b9FDMzNWldZFOBRILViENZSA==",
			"dev": true,
			"optional": true
		},
		"esbuild-linux-s390x": {
			"version": "0.14.34",
			"resolved": "https://registry.npmjs.org/esbuild-linux-s390x/-/esbuild-linux-s390x-0.14.34.tgz",
			"integrity": "sha512-bDDgYO4LhL4+zPs+WcBkXph+AQoPcQRTv18FzZS0WhjfH8TZx2QqlVPGhmhZ6WidrY+jKthUqO6UhGyIb4MpmA==",
			"dev": true,
			"optional": true
		},
		"esbuild-netbsd-64": {
			"version": "0.14.34",
			"resolved": "https://registry.npmjs.org/esbuild-netbsd-64/-/esbuild-netbsd-64-0.14.34.tgz",
			"integrity": "sha512-cfaFGXdRt0+vHsjNPyF0POM4BVSHPSbhLPe8mppDc7GDDxjIl08mV1Zou14oDWMp/XZMjYN1kWYRSfftiD0vvQ==",
			"dev": true,
			"optional": true
		},
		"esbuild-openbsd-64": {
			"version": "0.14.34",
			"resolved": "https://registry.npmjs.org/esbuild-openbsd-64/-/esbuild-openbsd-64-0.14.34.tgz",
			"integrity": "sha512-vmy9DxXVnRiI14s8GKuYBtess+EVcDALkbpTqd5jw4XITutIzyB7n4x0Tj5utAkKsgZJB22lLWGekr0ABnSLow==",
			"dev": true,
			"optional": true
		},
		"esbuild-sunos-64": {
			"version": "0.14.34",
			"resolved": "https://registry.npmjs.org/esbuild-sunos-64/-/esbuild-sunos-64-0.14.34.tgz",
			"integrity": "sha512-eNPVatNET1F7tRMhii7goL/eptfxc0ALRjrj9SPFNqp0zmxrehBFD6BaP3R4LjMn6DbMO0jOAnTLFKr8NqcJAA==",
			"dev": true,
			"optional": true
		},
		"esbuild-windows-32": {
			"version": "0.14.34",
			"resolved": "https://registry.npmjs.org/esbuild-windows-32/-/esbuild-windows-32-0.14.34.tgz",
			"integrity": "sha512-EFhpXyHEcnqWYe2rAHFd8dRw8wkrd9U+9oqcyoEL84GbanAYjiiIjBZsnR8kl0sCQ5w6bLpk7vCEIA2VS32Vcg==",
			"dev": true,
			"optional": true
		},
		"esbuild-windows-64": {
			"version": "0.14.34",
			"resolved": "https://registry.npmjs.org/esbuild-windows-64/-/esbuild-windows-64-0.14.34.tgz",
			"integrity": "sha512-a8fbl8Ky7PxNEjf1aJmtxdDZj32/hC7S1OcA2ckEpCJRTjiKslI9vAdPpSjrKIWhws4Galpaawy0nB7fjHYf5Q==",
			"dev": true,
			"optional": true
		},
		"esbuild-windows-arm64": {
			"version": "0.14.34",
			"resolved": "https://registry.npmjs.org/esbuild-windows-arm64/-/esbuild-windows-arm64-0.14.34.tgz",
			"integrity": "sha512-EYvmKbSa2B3sPnpC28UEu9jBK5atGV4BaVRE7CYGUci2Hlz4AvtV/LML+TcDMT6gBgibnN2gcltWclab3UutMg==",
			"dev": true,
			"optional": true
		},
		"fsevents": {
			"version": "2.3.2",
			"resolved": "https://registry.npmjs.org/fsevents/-/fsevents-2.3.2.tgz",
			"integrity": "sha512-xiqMQR4xAeHTuB9uWm+fFRcIOgKBMiOBP+eXiyT7jsgVCq1bkVygt00oASowB7EdtpOHaaPgKt812P9ab+DDKA==",
			"dev": true,
			"optional": true
		},
		"function-bind": {
			"version": "1.1.1",
			"resolved": "https://registry.npmjs.org/function-bind/-/function-bind-1.1.1.tgz",
			"integrity": "sha512-yIovAzMX49sF8Yl58fSCWJ5svSLuaibPxXQJFLmBObTuCr0Mf1KiPopGM9NiFjiYBCbfaa2Fh6breQ6ANVTI0A==",
			"dev": true
		},
		"has": {
			"version": "1.0.3",
			"resolved": "https://registry.npmjs.org/has/-/has-1.0.3.tgz",
			"integrity": "sha512-f2dvO0VU6Oej7RkWJGrehjbzMAjFp5/VKPp5tTpWIV4JHHZK1/BxbFRtf/siA2SWTe09caDmVtYYzWEIbBS4zw==",
			"dev": true,
			"requires": {
				"function-bind": "^1.1.1"
			}
		},
		"is-core-module": {
			"version": "2.8.1",
			"resolved": "https://registry.npmjs.org/is-core-module/-/is-core-module-2.8.1.tgz",
			"integrity": "sha512-SdNCUs284hr40hFTFP6l0IfZ/RSrMXF3qgoRHd3/79unUTvrFO/JoXwkGm+5J/Oe3E/b5GsnG330uUNgRpu1PA==",
			"dev": true,
			"requires": {
				"has": "^1.0.3"
			}
		},
		"nanoid": {
			"version": "3.3.2",
			"resolved": "https://registry.npmjs.org/nanoid/-/nanoid-3.3.2.tgz",
			"integrity": "sha512-CuHBogktKwpm5g2sRgv83jEy2ijFzBwMoYA60orPDR7ynsLijJDqgsi4RDGj3OJpy3Ieb+LYwiRmIOGyytgITA==",
			"dev": true
		},
		"path-parse": {
			"version": "1.0.7",
			"resolved": "https://registry.npmjs.org/path-parse/-/path-parse-1.0.7.tgz",
			"integrity": "sha512-LDJzPVEEEPR+y48z93A0Ed0yXb8pAByGWo/k5YYdYgpY2/2EsOsksJrq7lOHxryrVOn1ejG6oAp8ahvOIQD8sw==",
			"dev": true
		},
		"picocolors": {
			"version": "1.0.0",
			"resolved": "https://registry.npmjs.org/picocolors/-/picocolors-1.0.0.tgz",
			"integrity": "sha512-1fygroTLlHu66zi26VoTDv8yRgm0Fccecssto+MhsZ0D/DGW2sm8E8AjW7NU5VVTRt5GxbeZ5qBuJr+HyLYkjQ==",
			"dev": true
		},
		"postcss": {
			"version": "8.4.12",
			"resolved": "https://registry.npmjs.org/postcss/-/postcss-8.4.12.tgz",
			"integrity": "sha512-lg6eITwYe9v6Hr5CncVbK70SoioNQIq81nsaG86ev5hAidQvmOeETBqs7jm43K2F5/Ley3ytDtriImV6TpNiSg==",
			"dev": true,
			"requires": {
				"nanoid": "^3.3.1",
				"picocolors": "^1.0.0",
				"source-map-js": "^1.0.2"
			}
		},
		"resolve": {
			"version": "1.22.0",
			"resolved": "https://registry.npmjs.org/resolve/-/resolve-1.22.0.tgz",
			"integrity": "sha512-Hhtrw0nLeSrFQ7phPp4OOcVjLPIeMnRlr5mcnVuMe7M/7eBn98A3hmFRLoFo3DLZkivSYwhRUJTyPyWAk56WLw==",
			"dev": true,
			"requires": {
				"is-core-module": "^2.8.1",
				"path-parse": "^1.0.7",
				"supports-preserve-symlinks-flag": "^1.0.0"
			}
		},
		"rollup": {
			"version": "2.70.1",
			"resolved": "https://registry.npmjs.org/rollup/-/rollup-2.70.1.tgz",
			"integrity": "sha512-CRYsI5EuzLbXdxC6RnYhOuRdtz4bhejPMSWjsFLfVM/7w/85n2szZv6yExqUXsBdz5KT8eoubeyDUDjhLHEslA==",
			"dev": true,
			"requires": {
				"fsevents": "~2.3.2"
			}
		},
		"source-map-js": {
			"version": "1.0.2",
			"resolved": "https://registry.npmjs.org/source-map-js/-/source-map-js-1.0.2.tgz",
			"integrity": "sha512-R0XvVJ9WusLiqTCEiGCmICCMplcCkIwwR11mOSD9CR5u+IXYdiseeEuXCVAjS54zqwkLcPNnmU4OeJ6tUrWhDw==",
			"dev": true
		},
		"supports-preserve-symlinks-flag": {
			"version": "1.0.0",
			"resolved": "https://registry.npmjs.org/supports-preserve-symlinks-flag/-/supports-preserve-symlinks-flag-1.0.0.tgz",
			"integrity": "sha512-ot0WnXS9fgdkgIcePe6RHNk1WA8+muPa6cSjeR3V8K27q9BB1rTE3R1p7Hv0z1ZyAc8s6Vvv8DIyWf681MAt0w==",
			"dev": true
		},
		"typesafe-i18n": {
			"version": "5.3.5",
			"resolved": "https://registry.npmjs.org/typesafe-i18n/-/typesafe-i18n-5.3.5.tgz",
			"integrity": "sha512-ZjCCQ2lCyyvUThtxJblXoxwpr62paOjMRi/Kia1PSEh3gRfwPvEorABS0zTdF6lZ75MQXoz0WqtobChVjkO5mQ==",
			"requires": {}
		},
		"typescript": {
			"version": "4.6.3",
			"resolved": "https://registry.npmjs.org/typescript/-/typescript-4.6.3.tgz",
			"integrity": "sha512-yNIatDa5iaofVozS/uQJEl3JRWLKKGJKh6Yaiv0GLGSuhpFJe7P3SbHZ8/yjAHRQwKRoA6YZqlfjXWmVzoVSMw=="
		},
		"vite": {
			"version": "2.9.1",
			"resolved": "https://registry.npmjs.org/vite/-/vite-2.9.1.tgz",
			"integrity": "sha512-vSlsSdOYGcYEJfkQ/NeLXgnRv5zZfpAsdztkIrs7AZHV8RCMZQkwjo4DS5BnrYTqoWqLoUe1Cah4aVO4oNNqCQ==",
			"dev": true,
			"requires": {
				"esbuild": "^0.14.27",
				"fsevents": "~2.3.2",
				"postcss": "^8.4.12",
				"resolve": "^1.22.0",
				"rollup": "^2.59.0"
			}
		}
	}
}
